
Microsoft Visual Studio Solution File, Format Version 10.00
# Visual Studio 2008
Project("{F184B08F-C81C-45F6-A57F-5ABD9991F28F}") = "SdiDesk.NET", "SdiDesk.NET\SdiDesk.NET.vbproj", "{FE1B5E0A-8384-43E5-A772-0584FD1012AE}"
EndProject
Project("{54435603-DBB4-11D2-8724-00A0C9A8B90C}") = "Setup1", "Setup1\Setup1.vdproj", "{92965A83-67AB-41BD-8301-FCF987FF6AC2}"
EndProject
Global
	GlobalSection(SolutionConfigurationPlatforms) = preSolution
		Debug|Any CPU = Debug|Any CPU
		Release|Any CPU = Release|Any CPU
	EndGlobalSection
	GlobalSection(ProjectConfigurationPlatforms) = postSolution
		{FE1B5E0A-8384-43E5-A772-0584FD1012AE}.Debug|Any CPU.ActiveCfg = Debug|Any CPU
		{FE1B5E0A-8384-43E5-A772-0584FD1012AE}.Debug|Any CPU.Build.0 = Debug|Any CPU
		{FE1B5E0A-8384-43E5-A772-0584FD1012AE}.Release|Any CPU.ActiveCfg = Release|Any CPU
		{FE1B5E0A-8384-43E5-A772-0584FD1012AE}.Release|Any CPU.Build.0 = Release|Any CPU
		{92965A83-67AB-41BD-8301-FCF987FF6AC2}.Debug|Any CPU.ActiveCfg = Debug
		{92965A83-67AB-41BD-8301-FCF987FF6AC2}.Release|Any CPU.ActiveCfg = Release
	EndGlobalSection
	GlobalSection(SolutionProperties) = preSolution
		HideSolutionNode = FALSE
	EndGlobalSection
EndGlobal
